
Microsoft Visual Studio Solution File, Format Version 12.00
# Visual Studio 15
VisualStudioVersion = 15.0.28307.489
MinimumVisualStudioVersion = 10.0.40219.1
Project("{8BC9CEB8-8B4A-11D0-8D11-00A0C91BC942}") = "EtwProvidersDocs", "EtwProvidersDocs\EtwProvidersDocs.vcxproj", "{6875ECF6-F0DC-41A2-9CDB-037D0799C188}"
EndProject
Project("{FAE04EC0-301F-11D3-BF4B-00C04F79EFBC}") = "DotNetEtwProviderDocs", "DotNetEtwProviderDocs\DotNetEtwProviderDocs.csproj", "{3C2B5912-A5D9-4DF0-8DE1-5741B6AA2A94}"
EndProject
Project("{2150E333-8FDC-42A3-9474-1A3956D46DE8}") = "Solution Items", "Solution Items", "{7A8004F6-232C-4C12-8029-764A2F6CF848}"
	ProjectSection(SolutionItems) = preProject
		README.md = README.md
	EndProjectSection
EndProject
Global
	GlobalSection(SolutionConfigurationPlatforms) = preSolution
		Debug|Any CPU = Debug|Any CPU
		Debug|x64 = Debug|x64
		Debug|x86 = Debug|x86
		Release|Any CPU = Release|Any CPU
		Release|x64 = Release|x64
		Release|x86 = Release|x86
	EndGlobalSection
	GlobalSection(ProjectConfigurationPlatforms) = postSolution
		{6875ECF6-F0DC-41A2-9CDB-037D0799C188}.Debug|Any CPU.ActiveCfg = Debug|Win32
		{6875ECF6-F0DC-41A2-9CDB-037D0799C188}.Debug|x64.ActiveCfg = Debug|x64
		{6875ECF6-F0DC-41A2-9CDB-037D0799C188}.Debug|x64.Build.0 = Debug|x64
		{6875ECF6-F0DC-41A2-9CDB-037D0799C188}.Debug|x86.ActiveCfg = Debug|Win32
		{6875ECF6-F0DC-41A2-9CDB-037D0799C188}.Debug|x86.Build.0 = Debug|Win32
		{6875ECF6-F0DC-41A2-9CDB-037D0799C188}.Release|Any CPU.ActiveCfg = Release|Win32
		{6875ECF6-F0DC-41A2-9CDB-037D0799C188}.Release|x64.ActiveCfg = Release|x64
		{6875ECF6-F0DC-41A2-9CDB-037D0799C188}.Release|x64.Build.0 = Release|x64
		{6875ECF6-F0DC-41A2-9CDB-037D0799C188}.Release|x86.ActiveCfg = Release|Win32
		{6875ECF6-F0DC-41A2-9CDB-037D0799C188}.Release|x86.Build.0 = Release|Win32
		{3C2B5912-A5D9-4DF0-8DE1-5741B6AA2A94}.Debug|Any CPU.ActiveCfg = Debug|Any CPU
		{3C2B5912-A5D9-4DF0-8DE1-5741B6AA2A94}.Debug|Any CPU.Build.0 = Debug|Any CPU
		{3C2B5912-A5D9-4DF0-8DE1-5741B6AA2A94}.Debug|x64.ActiveCfg = Debug|Any CPU
		{3C2B5912-A5D9-4DF0-8DE1-5741B6AA2A94}.Debug|x64.Build.0 = Debug|Any CPU
		{3C2B5912-A5D9-4DF0-8DE1-5741B6AA2A94}.Debug|x86.ActiveCfg = Debug|Any CPU
		{3C2B5912-A5D9-4DF0-8DE1-5741B6AA2A94}.Debug|x86.Build.0 = Debug|Any CPU
		{3C2B5912-A5D9-4DF0-8DE1-5741B6AA2A94}.Release|Any CPU.ActiveCfg = Release|Any CPU
		{3C2B5912-A5D9-4DF0-8DE1-5741B6AA2A94}.Release|Any CPU.Build.0 = Release|Any CPU
		{3C2B5912-A5D9-4DF0-8DE1-5741B6AA2A94}.Release|x64.ActiveCfg = Release|Any CPU
		{3C2B5912-A5D9-4DF0-8DE1-5741B6AA2A94}.Release|x64.Build.0 = Release|Any CPU
		{3C2B5912-A5D9-4DF0-8DE1-5741B6AA2A94}.Release|x86.ActiveCfg = Release|Any CPU
		{3C2B5912-A5D9-4DF0-8DE1-5741B6AA2A94}.Release|x86.Build.0 = Release|Any CPU
	EndGlobalSection
	GlobalSection(SolutionProperties) = preSolution
		HideSolutionNode = FALSE
	EndGlobalSection
	GlobalSection(ExtensibilityGlobals) = postSolution
		SolutionGuid = {7DB3C948-5F54-441F-8AE9-8ACD2BBF94E2}
	EndGlobalSection
EndGlobal
